{
    "_readme": [
        "This file locks the dependencies of your project to a known state",
        "Read more about it at https://getcomposer.org/doc/01-basic-usage.md#composer-lock-the-lock-file",
        "This file is @generated automatically"
    ],
    "hash": "e4dc61ecd012aa894b61ed3320502a6e",
    "content-hash": "65154f7622130c66c20a821bbde3e96e",
    "packages": [
        {
            "name": "akrabat/rka-ip-address-middleware",
            "version": "0.4",
            "source": {
                "type": "git",
                "url": "https://github.com/akrabat/rka-ip-address-middleware.git",
                "reference": "1c9947fdbaad04614e8b15d55f191f11c39293d1"
            },
            "dist": {
                "type": "zip",
                "url": "https://api.github.com/repos/akrabat/rka-ip-address-middleware/zipball/1c9947fdbaad04614e8b15d55f191f11c39293d1",
                "reference": "1c9947fdbaad04614e8b15d55f191f11c39293d1",
                "shasum": ""
            },
            "require": {
                "psr/http-message": "^1.0"
            },
            "require-dev": {
                "phpunit/phpunit": "^4.8",
                "squizlabs/php_codesniffer": "^2.3",
                "zendframework/zend-diactoros": "^1.1"
            },
            "type": "library",
            "autoload": {
                "psr-4": {
                    "RKA\\Middleware\\": "src"
                }
            },
            "notification-url": "https://packagist.org/downloads/",
            "license": [
                "BSD-3-Clause"
            ],
            "authors": [
                {
                    "name": "Rob Allen",
                    "email": "rob@akrabat.com",
                    "homepage": "http://akrabat.com"
                }
            ],
            "description": "PSR-7 Middleware that determines the client IP address and stores it as an ServerRequest attribute",
            "homepage": "http://github.com/akrabat/rka-ip-address-middleware",
            "keywords": [
                "IP",
                "middleware",
                "psr7"
            ],
            "time": "2015-11-06 10:38:17"
        },
        {
            "name": "psr/http-message",
            "version": "1.0.1",
            "source": {
                "type": "git",
                "url": "https://github.com/php-fig/http-message.git",
                "reference": "f6561bf28d520154e4b0ec72be95418abe6d9363"
            },
            "dist": {
                "type": "zip",
                "url": "https://api.github.com/repos/php-fig/http-message/zipball/f6561bf28d520154e4b0ec72be95418abe6d9363",
                "reference": "f6561bf28d520154e4b0ec72be95418abe6d9363",
                "shasum": ""
            },
            "require": {
                "php": ">=5.3.0"
            },
            "type": "library",
            "extra": {
                "branch-alias": {
                    "dev-master": "1.0.x-dev"
                }
            },
            "autoload": {
                "psr-4": {
                    "Psr\\Http\\Message\\": "src/"
                }
            },
            "notification-url": "https://packagist.org/downloads/",
            "license": [
                "MIT"
            ],
            "authors": [
                {
                    "name": "PHP-FIG",
                    "homepage": "http://www.php-fig.org/"
                }
            ],
            "description": "Common interface for HTTP messages",
            "homepage": "https://github.com/php-fig/http-message",
            "keywords": [
                "http",
                "http-message",
                "psr",
                "psr-7",
                "request",
                "response"
            ],
            "time": "2016-08-06 14:39:51"
        }
    ],
    "packages-dev": [],
    "aliases": [],
    "minimum-stability": "stable",
    "stability-flags": [],
    "prefer-stable": false,
    "prefer-lowest": false,
    "platform": [],
    "platform-dev": []
}
